<?xml version="1.0" encoding="utf-8"?>
<Project ToolsVersion="12.0" xmlns="http://schemas.microsoft.com/developer/msbuild/2003">
  <ItemGroup>
    <ClCompile Include="C:\Users\jihang\Desktop\spliceForTool\spliceForTool\test\toolTestC\main.cpp">
      <Filter>Source Files</Filter>
    </ClCompile>
  </ItemGroup>
  <ItemGroup>
    <CustomBuild Include="C:\Users\jihang\Desktop\spliceForTool\spliceForTool\test\toolTestC\CMakeLists.txt" />
  </ItemGroup>
  <ItemGroup>
    <Filter Include="Source Files">
      <UniqueIdentifier>{0249EE9D-ED64-3AC1-9385-C03B73E0E975}</UniqueIdentifier>
    </Filter>
  </ItemGroup>
</Project>
