Microsoft Visual Studio Solution File, Format Version 12.00
# Visual Studio 2013
Project("{2150E333-8FDC-42A3-9474-1A3956D46DE8}") = "CMakePredefinedTargets", "CMakePredefinedTargets", "{0F99763D-C5B4-3769-AE9C-FA1C2779F5D1}"
EndProject
Project("{2150E333-8FDC-42A3-9474-1A3956D46DE8}") = "CTestDashboardTargets", "CTestDashboardTargets", "{191CD648-93A1-31F3-AF6A-9881916DD3AC}"
EndProject
Project("{2150E333-8FDC-42A3-9474-1A3956D46DE8}") = "test", "test", "{5FB0D948-6893-3EC0-8F5B-19A1E3DFDECB}"
EndProject
Project("{8BC9CEB8-8B4A-11D0-8D11-00A0C91BC942}") = "ALL_BUILD", "ALL_BUILD.vcxproj", "{AC832A5A-B004-3104-A3EB-96D2991B184F}"
	ProjectSection(ProjectDependencies) = postProject
		{74983A9D-5082-30AA-8912-B2F6DEFE40FD} = {74983A9D-5082-30AA-8912-B2F6DEFE40FD}
		{445ECF55-C9C8-3F9A-9AE0-13949D13D4CF} = {445ECF55-C9C8-3F9A-9AE0-13949D13D4CF}
		{1724E247-828E-3D1D-88F7-88AA4840C71F} = {1724E247-828E-3D1D-88F7-88AA4840C71F}
		{D1C8E5C2-4000-327C-ADB4-49973CE4597B} = {D1C8E5C2-4000-327C-ADB4-49973CE4597B}
		{0409E7D6-8A6B-30D5-99E6-FF232442E617} = {0409E7D6-8A6B-30D5-99E6-FF232442E617}
		{4758157E-55C6-3855-AD7E-CB9F6711A973} = {4758157E-55C6-3855-AD7E-CB9F6711A973}
		{F66F509B-B5C7-3EF7-9F9B-8C9C9603EACF} = {F66F509B-B5C7-3EF7-9F9B-8C9C9603EACF}
		{6002E987-34B5-3707-A9F8-F81B4C3C31DA} = {6002E987-34B5-3707-A9F8-F81B4C3C31DA}
		{2BB97A29-270C-3EF0-9220-0C537C11641C} = {2BB97A29-270C-3EF0-9220-0C537C11641C}
	EndProjectSection
EndProject
Project("{8BC9CEB8-8B4A-11D0-8D11-00A0C91BC942}") = "Continuous", "spliceForTool\external\spdlog\Continuous.vcxproj", "{6C248FC2-DD44-39AE-A7D9-485EE01190AA}"
	ProjectSection(ProjectDependencies) = postProject
		{74983A9D-5082-30AA-8912-B2F6DEFE40FD} = {74983A9D-5082-30AA-8912-B2F6DEFE40FD}
	EndProjectSection
EndProject
Project("{8BC9CEB8-8B4A-11D0-8D11-00A0C91BC942}") = "Experimental", "spliceForTool\external\spdlog\Experimental.vcxproj", "{2B187555-30C1-39EC-B221-B115E01385B7}"
	ProjectSection(ProjectDependencies) = postProject
		{74983A9D-5082-30AA-8912-B2F6DEFE40FD} = {74983A9D-5082-30AA-8912-B2F6DEFE40FD}
	EndProjectSection
EndProject
Project("{8BC9CEB8-8B4A-11D0-8D11-00A0C91BC942}") = "INSTALL", "INSTALL.vcxproj", "{3FA16158-3290-3677-8C59-6CE54AE54872}"
	ProjectSection(ProjectDependencies) = postProject
		{AC832A5A-B004-3104-A3EB-96D2991B184F} = {AC832A5A-B004-3104-A3EB-96D2991B184F}
		{74983A9D-5082-30AA-8912-B2F6DEFE40FD} = {74983A9D-5082-30AA-8912-B2F6DEFE40FD}
	EndProjectSection
EndProject
Project("{8BC9CEB8-8B4A-11D0-8D11-00A0C91BC942}") = "Nightly", "spliceForTool\external\spdlog\Nightly.vcxproj", "{056C062E-18FE-31CF-AE5F-32058343182D}"
	ProjectSection(ProjectDependencies) = postProject
		{74983A9D-5082-30AA-8912-B2F6DEFE40FD} = {74983A9D-5082-30AA-8912-B2F6DEFE40FD}
	EndProjectSection
EndProject
Project("{8BC9CEB8-8B4A-11D0-8D11-00A0C91BC942}") = "NightlyMemoryCheck", "spliceForTool\external\spdlog\NightlyMemoryCheck.vcxproj", "{99801282-F4AE-3203-B033-4B18C0642790}"
	ProjectSection(ProjectDependencies) = postProject
		{74983A9D-5082-30AA-8912-B2F6DEFE40FD} = {74983A9D-5082-30AA-8912-B2F6DEFE40FD}
	EndProjectSection
EndProject
Project("{8BC9CEB8-8B4A-11D0-8D11-00A0C91BC942}") = "ZERO_CHECK", "ZERO_CHECK.vcxproj", "{74983A9D-5082-30AA-8912-B2F6DEFE40FD}"
	ProjectSection(ProjectDependencies) = postProject
	EndProjectSection
EndProject
Project("{8BC9CEB8-8B4A-11D0-8D11-00A0C91BC942}") = "csdds_msg_type", "spliceForTool\dds_msg_types\csdds_msg_type.vcxproj", "{445ECF55-C9C8-3F9A-9AE0-13949D13D4CF}"
	ProjectSection(ProjectDependencies) = postProject
		{74983A9D-5082-30AA-8912-B2F6DEFE40FD} = {74983A9D-5082-30AA-8912-B2F6DEFE40FD}
		{D1C8E5C2-4000-327C-ADB4-49973CE4597B} = {D1C8E5C2-4000-327C-ADB4-49973CE4597B}
	EndProjectSection
EndProject
Project("{8BC9CEB8-8B4A-11D0-8D11-00A0C91BC942}") = "csdds_service", "spliceForTool\dds_service\csdds_service.vcxproj", "{1724E247-828E-3D1D-88F7-88AA4840C71F}"
	ProjectSection(ProjectDependencies) = postProject
		{74983A9D-5082-30AA-8912-B2F6DEFE40FD} = {74983A9D-5082-30AA-8912-B2F6DEFE40FD}
		{D1C8E5C2-4000-327C-ADB4-49973CE4597B} = {D1C8E5C2-4000-327C-ADB4-49973CE4597B}
	EndProjectSection
EndProject
Project("{8BC9CEB8-8B4A-11D0-8D11-00A0C91BC942}") = "cssimlog", "spliceForTool\cssimlog\cssimlog.vcxproj", "{D1C8E5C2-4000-327C-ADB4-49973CE4597B}"
	ProjectSection(ProjectDependencies) = postProject
		{74983A9D-5082-30AA-8912-B2F6DEFE40FD} = {74983A9D-5082-30AA-8912-B2F6DEFE40FD}
	EndProjectSection
EndProject
Project("{8BC9CEB8-8B4A-11D0-8D11-00A0C91BC942}") = "spdlog_headers_for_ide", "spliceForTool\external\spdlog\spdlog_headers_for_ide.vcxproj", "{0C7F2A6A-29D0-3356-A834-578F3A795B61}"
	ProjectSection(ProjectDependencies) = postProject
		{74983A9D-5082-30AA-8912-B2F6DEFE40FD} = {74983A9D-5082-30AA-8912-B2F6DEFE40FD}
	EndProjectSection
EndProject
Project("{8BC9CEB8-8B4A-11D0-8D11-00A0C91BC942}") = "spliceForTool", "spliceForTool\spliceForTool\spliceForTool.vcxproj", "{0409E7D6-8A6B-30D5-99E6-FF232442E617}"
	ProjectSection(ProjectDependencies) = postProject
		{74983A9D-5082-30AA-8912-B2F6DEFE40FD} = {74983A9D-5082-30AA-8912-B2F6DEFE40FD}
		{445ECF55-C9C8-3F9A-9AE0-13949D13D4CF} = {445ECF55-C9C8-3F9A-9AE0-13949D13D4CF}
		{1724E247-828E-3D1D-88F7-88AA4840C71F} = {1724E247-828E-3D1D-88F7-88AA4840C71F}
		{D1C8E5C2-4000-327C-ADB4-49973CE4597B} = {D1C8E5C2-4000-327C-ADB4-49973CE4597B}
	EndProjectSection
EndProject
Project("{8BC9CEB8-8B4A-11D0-8D11-00A0C91BC942}") = "toolTestA", "spliceForTool\test\toolTestA\toolTestA.vcxproj", "{4758157E-55C6-3855-AD7E-CB9F6711A973}"
	ProjectSection(ProjectDependencies) = postProject
		{74983A9D-5082-30AA-8912-B2F6DEFE40FD} = {74983A9D-5082-30AA-8912-B2F6DEFE40FD}
		{D1C8E5C2-4000-327C-ADB4-49973CE4597B} = {D1C8E5C2-4000-327C-ADB4-49973CE4597B}
	EndProjectSection
EndProject
Project("{8BC9CEB8-8B4A-11D0-8D11-00A0C91BC942}") = "toolTestB", "spliceForTool\test\toolTestB\toolTestB.vcxproj", "{F66F509B-B5C7-3EF7-9F9B-8C9C9603EACF}"
	ProjectSection(ProjectDependencies) = postProject
		{74983A9D-5082-30AA-8912-B2F6DEFE40FD} = {74983A9D-5082-30AA-8912-B2F6DEFE40FD}
		{D1C8E5C2-4000-327C-ADB4-49973CE4597B} = {D1C8E5C2-4000-327C-ADB4-49973CE4597B}
	EndProjectSection
EndProject
Project("{8BC9CEB8-8B4A-11D0-8D11-00A0C91BC942}") = "toolTestC", "spliceForTool\test\toolTestC\toolTestC.vcxproj", "{6002E987-34B5-3707-A9F8-F81B4C3C31DA}"
	ProjectSection(ProjectDependencies) = postProject
		{74983A9D-5082-30AA-8912-B2F6DEFE40FD} = {74983A9D-5082-30AA-8912-B2F6DEFE40FD}
		{D1C8E5C2-4000-327C-ADB4-49973CE4597B} = {D1C8E5C2-4000-327C-ADB4-49973CE4597B}
	EndProjectSection
EndProject
Project("{8BC9CEB8-8B4A-11D0-8D11-00A0C91BC942}") = "toolTestSample", "spliceForTool\test\toolTestSample\toolTestSample.vcxproj", "{2BB97A29-270C-3EF0-9220-0C537C11641C}"
	ProjectSection(ProjectDependencies) = postProject
		{74983A9D-5082-30AA-8912-B2F6DEFE40FD} = {74983A9D-5082-30AA-8912-B2F6DEFE40FD}
	EndProjectSection
EndProject
Global
	GlobalSection(SolutionConfigurationPlatforms) = preSolution
		Debug|Win32 = Debug|Win32
		Release|Win32 = Release|Win32
		MinSizeRel|Win32 = MinSizeRel|Win32
		RelWithDebInfo|Win32 = RelWithDebInfo|Win32
	EndGlobalSection
	GlobalSection(ProjectConfigurationPlatforms) = postSolution
		{AC832A5A-B004-3104-A3EB-96D2991B184F}.Debug|Win32.ActiveCfg = Debug|Win32
		{AC832A5A-B004-3104-A3EB-96D2991B184F}.Debug|Win32.Build.0 = Debug|Win32
		{AC832A5A-B004-3104-A3EB-96D2991B184F}.Release|Win32.ActiveCfg = Release|Win32
		{AC832A5A-B004-3104-A3EB-96D2991B184F}.Release|Win32.Build.0 = Release|Win32
		{AC832A5A-B004-3104-A3EB-96D2991B184F}.MinSizeRel|Win32.ActiveCfg = MinSizeRel|Win32
		{AC832A5A-B004-3104-A3EB-96D2991B184F}.MinSizeRel|Win32.Build.0 = MinSizeRel|Win32
		{AC832A5A-B004-3104-A3EB-96D2991B184F}.RelWithDebInfo|Win32.ActiveCfg = RelWithDebInfo|Win32
		{AC832A5A-B004-3104-A3EB-96D2991B184F}.RelWithDebInfo|Win32.Build.0 = RelWithDebInfo|Win32
		{6C248FC2-DD44-39AE-A7D9-485EE01190AA}.Debug|Win32.ActiveCfg = Debug|Win32
		{6C248FC2-DD44-39AE-A7D9-485EE01190AA}.Release|Win32.ActiveCfg = Release|Win32
		{6C248FC2-DD44-39AE-A7D9-485EE01190AA}.MinSizeRel|Win32.ActiveCfg = MinSizeRel|Win32
		{6C248FC2-DD44-39AE-A7D9-485EE01190AA}.RelWithDebInfo|Win32.ActiveCfg = RelWithDebInfo|Win32
		{2B187555-30C1-39EC-B221-B115E01385B7}.Debug|Win32.ActiveCfg = Debug|Win32
		{2B187555-30C1-39EC-B221-B115E01385B7}.Release|Win32.ActiveCfg = Release|Win32
		{2B187555-30C1-39EC-B221-B115E01385B7}.MinSizeRel|Win32.ActiveCfg = MinSizeRel|Win32
		{2B187555-30C1-39EC-B221-B115E01385B7}.RelWithDebInfo|Win32.ActiveCfg = RelWithDebInfo|Win32
		{3FA16158-3290-3677-8C59-6CE54AE54872}.Debug|Win32.ActiveCfg = Debug|Win32
		{3FA16158-3290-3677-8C59-6CE54AE54872}.Release|Win32.ActiveCfg = Release|Win32
		{3FA16158-3290-3677-8C59-6CE54AE54872}.MinSizeRel|Win32.ActiveCfg = MinSizeRel|Win32
		{3FA16158-3290-3677-8C59-6CE54AE54872}.RelWithDebInfo|Win32.ActiveCfg = RelWithDebInfo|Win32
		{056C062E-18FE-31CF-AE5F-32058343182D}.Debug|Win32.ActiveCfg = Debug|Win32
		{056C062E-18FE-31CF-AE5F-32058343182D}.Release|Win32.ActiveCfg = Release|Win32
		{056C062E-18FE-31CF-AE5F-32058343182D}.MinSizeRel|Win32.ActiveCfg = MinSizeRel|Win32
		{056C062E-18FE-31CF-AE5F-32058343182D}.RelWithDebInfo|Win32.ActiveCfg = RelWithDebInfo|Win32
		{99801282-F4AE-3203-B033-4B18C0642790}.Debug|Win32.ActiveCfg = Debug|Win32
		{99801282-F4AE-3203-B033-4B18C0642790}.Release|Win32.ActiveCfg = Release|Win32
		{99801282-F4AE-3203-B033-4B18C0642790}.MinSizeRel|Win32.ActiveCfg = MinSizeRel|Win32
		{99801282-F4AE-3203-B033-4B18C0642790}.RelWithDebInfo|Win32.ActiveCfg = RelWithDebInfo|Win32
		{74983A9D-5082-30AA-8912-B2F6DEFE40FD}.Debug|Win32.ActiveCfg = Debug|Win32
		{74983A9D-5082-30AA-8912-B2F6DEFE40FD}.Debug|Win32.Build.0 = Debug|Win32
		{74983A9D-5082-30AA-8912-B2F6DEFE40FD}.Release|Win32.ActiveCfg = Release|Win32
		{74983A9D-5082-30AA-8912-B2F6DEFE40FD}.Release|Win32.Build.0 = Release|Win32
		{74983A9D-5082-30AA-8912-B2F6DEFE40FD}.MinSizeRel|Win32.ActiveCfg = MinSizeRel|Win32
		{74983A9D-5082-30AA-8912-B2F6DEFE40FD}.MinSizeRel|Win32.Build.0 = MinSizeRel|Win32
		{74983A9D-5082-30AA-8912-B2F6DEFE40FD}.RelWithDebInfo|Win32.ActiveCfg = RelWithDebInfo|Win32
		{74983A9D-5082-30AA-8912-B2F6DEFE40FD}.RelWithDebInfo|Win32.Build.0 = RelWithDebInfo|Win32
		{445ECF55-C9C8-3F9A-9AE0-13949D13D4CF}.Debug|Win32.ActiveCfg = Debug|Win32
		{445ECF55-C9C8-3F9A-9AE0-13949D13D4CF}.Debug|Win32.Build.0 = Debug|Win32
		{445ECF55-C9C8-3F9A-9AE0-13949D13D4CF}.Release|Win32.ActiveCfg = Release|Win32
		{445ECF55-C9C8-3F9A-9AE0-13949D13D4CF}.Release|Win32.Build.0 = Release|Win32
		{445ECF55-C9C8-3F9A-9AE0-13949D13D4CF}.MinSizeRel|Win32.ActiveCfg = MinSizeRel|Win32
		{445ECF55-C9C8-3F9A-9AE0-13949D13D4CF}.MinSizeRel|Win32.Build.0 = MinSizeRel|Win32
		{445ECF55-C9C8-3F9A-9AE0-13949D13D4CF}.RelWithDebInfo|Win32.ActiveCfg = RelWithDebInfo|Win32
		{445ECF55-C9C8-3F9A-9AE0-13949D13D4CF}.RelWithDebInfo|Win32.Build.0 = RelWithDebInfo|Win32
		{1724E247-828E-3D1D-88F7-88AA4840C71F}.Debug|Win32.ActiveCfg = Debug|Win32
		{1724E247-828E-3D1D-88F7-88AA4840C71F}.Debug|Win32.Build.0 = Debug|Win32
		{1724E247-828E-3D1D-88F7-88AA4840C71F}.Release|Win32.ActiveCfg = Release|Win32
		{1724E247-828E-3D1D-88F7-88AA4840C71F}.Release|Win32.Build.0 = Release|Win32
		{1724E247-828E-3D1D-88F7-88AA4840C71F}.MinSizeRel|Win32.ActiveCfg = MinSizeRel|Win32
		{1724E247-828E-3D1D-88F7-88AA4840C71F}.MinSizeRel|Win32.Build.0 = MinSizeRel|Win32
		{1724E247-828E-3D1D-88F7-88AA4840C71F}.RelWithDebInfo|Win32.ActiveCfg = RelWithDebInfo|Win32
		{1724E247-828E-3D1D-88F7-88AA4840C71F}.RelWithDebInfo|Win32.Build.0 = RelWithDebInfo|Win32
		{D1C8E5C2-4000-327C-ADB4-49973CE4597B}.Debug|Win32.ActiveCfg = Debug|Win32
		{D1C8E5C2-4000-327C-ADB4-49973CE4597B}.Debug|Win32.Build.0 = Debug|Win32
		{D1C8E5C2-4000-327C-ADB4-49973CE4597B}.Release|Win32.ActiveCfg = Release|Win32
		{D1C8E5C2-4000-327C-ADB4-49973CE4597B}.Release|Win32.Build.0 = Release|Win32
		{D1C8E5C2-4000-327C-ADB4-49973CE4597B}.MinSizeRel|Win32.ActiveCfg = MinSizeRel|Win32
		{D1C8E5C2-4000-327C-ADB4-49973CE4597B}.MinSizeRel|Win32.Build.0 = MinSizeRel|Win32
		{D1C8E5C2-4000-327C-ADB4-49973CE4597B}.RelWithDebInfo|Win32.ActiveCfg = RelWithDebInfo|Win32
		{D1C8E5C2-4000-327C-ADB4-49973CE4597B}.RelWithDebInfo|Win32.Build.0 = RelWithDebInfo|Win32
		{0C7F2A6A-29D0-3356-A834-578F3A795B61}.Debug|Win32.ActiveCfg = Debug|Win32
		{0C7F2A6A-29D0-3356-A834-578F3A795B61}.Release|Win32.ActiveCfg = Release|Win32
		{0C7F2A6A-29D0-3356-A834-578F3A795B61}.MinSizeRel|Win32.ActiveCfg = MinSizeRel|Win32
		{0C7F2A6A-29D0-3356-A834-578F3A795B61}.RelWithDebInfo|Win32.ActiveCfg = RelWithDebInfo|Win32
		{0409E7D6-8A6B-30D5-99E6-FF232442E617}.Debug|Win32.ActiveCfg = Debug|Win32
		{0409E7D6-8A6B-30D5-99E6-FF232442E617}.Debug|Win32.Build.0 = Debug|Win32
		{0409E7D6-8A6B-30D5-99E6-FF232442E617}.Release|Win32.ActiveCfg = Release|Win32
		{0409E7D6-8A6B-30D5-99E6-FF232442E617}.Release|Win32.Build.0 = Release|Win32
		{0409E7D6-8A6B-30D5-99E6-FF232442E617}.MinSizeRel|Win32.ActiveCfg = MinSizeRel|Win32
		{0409E7D6-8A6B-30D5-99E6-FF232442E617}.MinSizeRel|Win32.Build.0 = MinSizeRel|Win32
		{0409E7D6-8A6B-30D5-99E6-FF232442E617}.RelWithDebInfo|Win32.ActiveCfg = RelWithDebInfo|Win32
		{0409E7D6-8A6B-30D5-99E6-FF232442E617}.RelWithDebInfo|Win32.Build.0 = RelWithDebInfo|Win32
		{4758157E-55C6-3855-AD7E-CB9F6711A973}.Debug|Win32.ActiveCfg = Debug|Win32
		{4758157E-55C6-3855-AD7E-CB9F6711A973}.Debug|Win32.Build.0 = Debug|Win32
		{4758157E-55C6-3855-AD7E-CB9F6711A973}.Release|Win32.ActiveCfg = Release|Win32
		{4758157E-55C6-3855-AD7E-CB9F6711A973}.Release|Win32.Build.0 = Release|Win32
		{4758157E-55C6-3855-AD7E-CB9F6711A973}.MinSizeRel|Win32.ActiveCfg = MinSizeRel|Win32
		{4758157E-55C6-3855-AD7E-CB9F6711A973}.MinSizeRel|Win32.Build.0 = MinSizeRel|Win32
		{4758157E-55C6-3855-AD7E-CB9F6711A973}.RelWithDebInfo|Win32.ActiveCfg = RelWithDebInfo|Win32
		{4758157E-55C6-3855-AD7E-CB9F6711A973}.RelWithDebInfo|Win32.Build.0 = RelWithDebInfo|Win32
		{F66F509B-B5C7-3EF7-9F9B-8C9C9603EACF}.Debug|Win32.ActiveCfg = Debug|Win32
		{F66F509B-B5C7-3EF7-9F9B-8C9C9603EACF}.Debug|Win32.Build.0 = Debug|Win32
		{F66F509B-B5C7-3EF7-9F9B-8C9C9603EACF}.Release|Win32.ActiveCfg = Release|Win32
		{F66F509B-B5C7-3EF7-9F9B-8C9C9603EACF}.Release|Win32.Build.0 = Release|Win32
		{F66F509B-B5C7-3EF7-9F9B-8C9C9603EACF}.MinSizeRel|Win32.ActiveCfg = MinSizeRel|Win32
		{F66F509B-B5C7-3EF7-9F9B-8C9C9603EACF}.MinSizeRel|Win32.Build.0 = MinSizeRel|Win32
		{F66F509B-B5C7-3EF7-9F9B-8C9C9603EACF}.RelWithDebInfo|Win32.ActiveCfg = RelWithDebInfo|Win32
		{F66F509B-B5C7-3EF7-9F9B-8C9C9603EACF}.RelWithDebInfo|Win32.Build.0 = RelWithDebInfo|Win32
		{6002E987-34B5-3707-A9F8-F81B4C3C31DA}.Debug|Win32.ActiveCfg = Debug|Win32
		{6002E987-34B5-3707-A9F8-F81B4C3C31DA}.Debug|Win32.Build.0 = Debug|Win32
		{6002E987-34B5-3707-A9F8-F81B4C3C31DA}.Release|Win32.ActiveCfg = Release|Win32
		{6002E987-34B5-3707-A9F8-F81B4C3C31DA}.Release|Win32.Build.0 = Release|Win32
		{6002E987-34B5-3707-A9F8-F81B4C3C31DA}.MinSizeRel|Win32.ActiveCfg = MinSizeRel|Win32
		{6002E987-34B5-3707-A9F8-F81B4C3C31DA}.MinSizeRel|Win32.Build.0 = MinSizeRel|Win32
		{6002E987-34B5-3707-A9F8-F81B4C3C31DA}.RelWithDebInfo|Win32.ActiveCfg = RelWithDebInfo|Win32
		{6002E987-34B5-3707-A9F8-F81B4C3C31DA}.RelWithDebInfo|Win32.Build.0 = RelWithDebInfo|Win32
		{2BB97A29-270C-3EF0-9220-0C537C11641C}.Debug|Win32.ActiveCfg = Debug|Win32
		{2BB97A29-270C-3EF0-9220-0C537C11641C}.Debug|Win32.Build.0 = Debug|Win32
		{2BB97A29-270C-3EF0-9220-0C537C11641C}.Release|Win32.ActiveCfg = Release|Win32
		{2BB97A29-270C-3EF0-9220-0C537C11641C}.Release|Win32.Build.0 = Release|Win32
		{2BB97A29-270C-3EF0-9220-0C537C11641C}.MinSizeRel|Win32.ActiveCfg = MinSizeRel|Win32
		{2BB97A29-270C-3EF0-9220-0C537C11641C}.MinSizeRel|Win32.Build.0 = MinSizeRel|Win32
		{2BB97A29-270C-3EF0-9220-0C537C11641C}.RelWithDebInfo|Win32.ActiveCfg = RelWithDebInfo|Win32
		{2BB97A29-270C-3EF0-9220-0C537C11641C}.RelWithDebInfo|Win32.Build.0 = RelWithDebInfo|Win32
	EndGlobalSection
	GlobalSection(NestedProjects) = preSolution
		{AC832A5A-B004-3104-A3EB-96D2991B184F} = {0F99763D-C5B4-3769-AE9C-FA1C2779F5D1}
		{3FA16158-3290-3677-8C59-6CE54AE54872} = {0F99763D-C5B4-3769-AE9C-FA1C2779F5D1}
		{74983A9D-5082-30AA-8912-B2F6DEFE40FD} = {0F99763D-C5B4-3769-AE9C-FA1C2779F5D1}
		{6C248FC2-DD44-39AE-A7D9-485EE01190AA} = {191CD648-93A1-31F3-AF6A-9881916DD3AC}
		{2B187555-30C1-39EC-B221-B115E01385B7} = {191CD648-93A1-31F3-AF6A-9881916DD3AC}
		{056C062E-18FE-31CF-AE5F-32058343182D} = {191CD648-93A1-31F3-AF6A-9881916DD3AC}
		{99801282-F4AE-3203-B033-4B18C0642790} = {191CD648-93A1-31F3-AF6A-9881916DD3AC}
		{4758157E-55C6-3855-AD7E-CB9F6711A973} = {5FB0D948-6893-3EC0-8F5B-19A1E3DFDECB}
		{F66F509B-B5C7-3EF7-9F9B-8C9C9603EACF} = {5FB0D948-6893-3EC0-8F5B-19A1E3DFDECB}
		{6002E987-34B5-3707-A9F8-F81B4C3C31DA} = {5FB0D948-6893-3EC0-8F5B-19A1E3DFDECB}
		{2BB97A29-270C-3EF0-9220-0C537C11641C} = {5FB0D948-6893-3EC0-8F5B-19A1E3DFDECB}
	EndGlobalSection
	GlobalSection(ExtensibilityGlobals) = postSolution
		SolutionGuid = {0C89E999-7223-375D-9D8F-5A6083749ADD}
	EndGlobalSection
	GlobalSection(ExtensibilityAddIns) = postSolution
	EndGlobalSection
EndGlobal
