<?xml version="1.0" encoding="utf-8"?>
<Project ToolsVersion="12.0" xmlns="http://schemas.microsoft.com/developer/msbuild/2003">
  <ItemGroup>
    <ClCompile Include="C:\Users\jihang\Desktop\spliceForTool\spliceForTool\dds_msg_types\WaitSetData.cpp">
      <Filter>Source Files</Filter>
    </ClCompile>
    <ClCompile Include="C:\Users\jihang\Desktop\spliceForTool\spliceForTool\dds_msg_types\WaitSetDataDcps.cpp">
      <Filter>Source Files</Filter>
    </ClCompile>
    <ClCompile Include="C:\Users\jihang\Desktop\spliceForTool\spliceForTool\dds_msg_types\WaitSetDataDcps_impl.cpp">
      <Filter>Source Files</Filter>
    </ClCompile>
    <ClCompile Include="C:\Users\jihang\Desktop\spliceForTool\spliceForTool\dds_msg_types\WaitSetDataSplDcps.cpp">
      <Filter>Source Files</Filter>
    </ClCompile>
  </ItemGroup>
  <ItemGroup>
    <ClInclude Include="C:\Users\jihang\Desktop\spliceForTool\spliceForTool\dds_msg_types\WaitSetData.h">
      <Filter>Header Files</Filter>
    </ClInclude>
    <ClInclude Include="C:\Users\jihang\Desktop\spliceForTool\spliceForTool\dds_msg_types\WaitSetDataDcps.h">
      <Filter>Header Files</Filter>
    </ClInclude>
    <ClInclude Include="C:\Users\jihang\Desktop\spliceForTool\spliceForTool\dds_msg_types\WaitSetDataDcps_impl.h">
      <Filter>Header Files</Filter>
    </ClInclude>
    <ClInclude Include="C:\Users\jihang\Desktop\spliceForTool\spliceForTool\dds_msg_types\WaitSetDataSplDcps.h">
      <Filter>Header Files</Filter>
    </ClInclude>
    <ClInclude Include="C:\Users\jihang\Desktop\spliceForTool\spliceForTool\dds_msg_types\ccpp_WaitSetData.h">
      <Filter>Header Files</Filter>
    </ClInclude>
    <ClInclude Include="C:\Users\jihang\Desktop\spliceForTool\spliceForTool\dds_msg_types\examples_export.h">
      <Filter>Header Files</Filter>
    </ClInclude>
  </ItemGroup>
  <ItemGroup>
    <CustomBuild Include="C:\Users\jihang\Desktop\spliceForTool\spliceForTool\dds_msg_types\CMakeLists.txt" />
  </ItemGroup>
  <ItemGroup>
    <Filter Include="Header Files">
      <UniqueIdentifier>{42265522-B53F-397F-9D6D-8929B5DAD625}</UniqueIdentifier>
    </Filter>
    <Filter Include="Source Files">
      <UniqueIdentifier>{0249EE9D-ED64-3AC1-9385-C03B73E0E975}</UniqueIdentifier>
    </Filter>
  </ItemGroup>
</Project>
