Microsoft Visual Studio Solution File, Format Version 12.00
# Visual Studio 2013
Project("{2150E333-8FDC-42A3-9474-1A3956D46DE8}") = "CMakePredefinedTargets", "CMakePredefinedTargets", "{A37705F6-7E03-38D4-BB0D-2C924FB402ED}"
EndProject
Project("{2150E333-8FDC-42A3-9474-1A3956D46DE8}") = "CTestDashboardTargets", "CTestDashboardTargets", "{B8560632-3F07-32CA-B80C-36EF6A43F1D2}"
EndProject
Project("{2150E333-8FDC-42A3-9474-1A3956D46DE8}") = "dds", "dds", "{79FA4B4F-48E5-307B-A72B-93A6E00874F0}"
EndProject
Project("{2150E333-8FDC-42A3-9474-1A3956D46DE8}") = "test", "test", "{BCC06A08-DDDD-3C86-A78D-C591D1A46F98}"
EndProject
Project("{8BC9CEB8-8B4A-11D0-8D11-00A0C91BC942}") = "ALL_BUILD", "ALL_BUILD.vcxproj", "{2B11369D-2670-324A-94AB-BF606F1528A2}"
	ProjectSection(ProjectDependencies) = postProject
		{11977FC8-6367-385D-A03E-7E830C995C34} = {11977FC8-6367-385D-A03E-7E830C995C34}
		{4EDFE457-86F5-3801-8D93-22E05B4978E2} = {4EDFE457-86F5-3801-8D93-22E05B4978E2}
		{39659E20-8F3B-394C-B4A1-2D5121E4DEC5} = {39659E20-8F3B-394C-B4A1-2D5121E4DEC5}
		{AB1713FC-DC1E-34A9-8DE4-96E14E3347AD} = {AB1713FC-DC1E-34A9-8DE4-96E14E3347AD}
		{84E39F3B-3D60-3B43-9E94-BD165F4EB7BA} = {84E39F3B-3D60-3B43-9E94-BD165F4EB7BA}
		{3D982B25-3035-3A5F-A811-B0C015A0A9E3} = {3D982B25-3035-3A5F-A811-B0C015A0A9E3}
		{59F5A79F-C918-392B-B251-E56620A34FF5} = {59F5A79F-C918-392B-B251-E56620A34FF5}
		{5A23C6BC-B275-324B-9371-682C35ABAC74} = {5A23C6BC-B275-324B-9371-682C35ABAC74}
		{820897EF-F223-325C-B6D6-DCDFEC691316} = {820897EF-F223-325C-B6D6-DCDFEC691316}
		{578B8D72-68A7-31C7-8BBA-CBB037D7CBC2} = {578B8D72-68A7-31C7-8BBA-CBB037D7CBC2}
		{35D7AE95-BC32-30CF-A82E-C0AD3C9B0098} = {35D7AE95-BC32-30CF-A82E-C0AD3C9B0098}
		{EF223E26-4876-3FDA-AC22-637B37A306E8} = {EF223E26-4876-3FDA-AC22-637B37A306E8}
	EndProjectSection
EndProject
Project("{8BC9CEB8-8B4A-11D0-8D11-00A0C91BC942}") = "Continuous", "spliceForTool\external\spdlog\Continuous.vcxproj", "{8E5EB78F-89A7-32D4-91C7-076EC4A420AD}"
	ProjectSection(ProjectDependencies) = postProject
		{11977FC8-6367-385D-A03E-7E830C995C34} = {11977FC8-6367-385D-A03E-7E830C995C34}
	EndProjectSection
EndProject
Project("{8BC9CEB8-8B4A-11D0-8D11-00A0C91BC942}") = "Experimental", "spliceForTool\external\spdlog\Experimental.vcxproj", "{4D372179-0F55-3DC6-AD0C-C611B990C11E}"
	ProjectSection(ProjectDependencies) = postProject
		{11977FC8-6367-385D-A03E-7E830C995C34} = {11977FC8-6367-385D-A03E-7E830C995C34}
	EndProjectSection
EndProject
Project("{8BC9CEB8-8B4A-11D0-8D11-00A0C91BC942}") = "INSTALL", "INSTALL.vcxproj", "{887A4B25-0F2B-3B4B-881F-D5B8D6EEC440}"
	ProjectSection(ProjectDependencies) = postProject
		{2B11369D-2670-324A-94AB-BF606F1528A2} = {2B11369D-2670-324A-94AB-BF606F1528A2}
		{11977FC8-6367-385D-A03E-7E830C995C34} = {11977FC8-6367-385D-A03E-7E830C995C34}
	EndProjectSection
EndProject
Project("{8BC9CEB8-8B4A-11D0-8D11-00A0C91BC942}") = "Nightly", "spliceForTool\external\spdlog\Nightly.vcxproj", "{AD30EA58-01E4-342E-A7D9-6F07A7569615}"
	ProjectSection(ProjectDependencies) = postProject
		{11977FC8-6367-385D-A03E-7E830C995C34} = {11977FC8-6367-385D-A03E-7E830C995C34}
	EndProjectSection
EndProject
Project("{8BC9CEB8-8B4A-11D0-8D11-00A0C91BC942}") = "NightlyMemoryCheck", "spliceForTool\external\spdlog\NightlyMemoryCheck.vcxproj", "{77300768-A4FA-37DA-A1E0-006414A97F0E}"
	ProjectSection(ProjectDependencies) = postProject
		{11977FC8-6367-385D-A03E-7E830C995C34} = {11977FC8-6367-385D-A03E-7E830C995C34}
	EndProjectSection
EndProject
Project("{8BC9CEB8-8B4A-11D0-8D11-00A0C91BC942}") = "ZERO_CHECK", "ZERO_CHECK.vcxproj", "{11977FC8-6367-385D-A03E-7E830C995C34}"
	ProjectSection(ProjectDependencies) = postProject
	EndProjectSection
EndProject
Project("{8BC9CEB8-8B4A-11D0-8D11-00A0C91BC942}") = "controlTest", "spliceForTool\test\controlTest\controlTest.vcxproj", "{4EDFE457-86F5-3801-8D93-22E05B4978E2}"
	ProjectSection(ProjectDependencies) = postProject
		{11977FC8-6367-385D-A03E-7E830C995C34} = {11977FC8-6367-385D-A03E-7E830C995C34}
		{39659E20-8F3B-394C-B4A1-2D5121E4DEC5} = {39659E20-8F3B-394C-B4A1-2D5121E4DEC5}
		{AB1713FC-DC1E-34A9-8DE4-96E14E3347AD} = {AB1713FC-DC1E-34A9-8DE4-96E14E3347AD}
		{3D982B25-3035-3A5F-A811-B0C015A0A9E3} = {3D982B25-3035-3A5F-A811-B0C015A0A9E3}
		{5A23C6BC-B275-324B-9371-682C35ABAC74} = {5A23C6BC-B275-324B-9371-682C35ABAC74}
	EndProjectSection
EndProject
Project("{8BC9CEB8-8B4A-11D0-8D11-00A0C91BC942}") = "csdds_msg_type", "spliceForTool\dds\dds_msg_types\csdds_msg_type.vcxproj", "{39659E20-8F3B-394C-B4A1-2D5121E4DEC5}"
	ProjectSection(ProjectDependencies) = postProject
		{11977FC8-6367-385D-A03E-7E830C995C34} = {11977FC8-6367-385D-A03E-7E830C995C34}
		{3D982B25-3035-3A5F-A811-B0C015A0A9E3} = {3D982B25-3035-3A5F-A811-B0C015A0A9E3}
	EndProjectSection
EndProject
Project("{8BC9CEB8-8B4A-11D0-8D11-00A0C91BC942}") = "csdds_service", "spliceForTool\dds\dds_service\csdds_service.vcxproj", "{AB1713FC-DC1E-34A9-8DE4-96E14E3347AD}"
	ProjectSection(ProjectDependencies) = postProject
		{11977FC8-6367-385D-A03E-7E830C995C34} = {11977FC8-6367-385D-A03E-7E830C995C34}
		{3D982B25-3035-3A5F-A811-B0C015A0A9E3} = {3D982B25-3035-3A5F-A811-B0C015A0A9E3}
	EndProjectSection
EndProject
Project("{8BC9CEB8-8B4A-11D0-8D11-00A0C91BC942}") = "csdds_test", "spliceForTool\test\csdds_test\csdds_test.vcxproj", "{84E39F3B-3D60-3B43-9E94-BD165F4EB7BA}"
	ProjectSection(ProjectDependencies) = postProject
		{11977FC8-6367-385D-A03E-7E830C995C34} = {11977FC8-6367-385D-A03E-7E830C995C34}
		{39659E20-8F3B-394C-B4A1-2D5121E4DEC5} = {39659E20-8F3B-394C-B4A1-2D5121E4DEC5}
		{AB1713FC-DC1E-34A9-8DE4-96E14E3347AD} = {AB1713FC-DC1E-34A9-8DE4-96E14E3347AD}
		{3D982B25-3035-3A5F-A811-B0C015A0A9E3} = {3D982B25-3035-3A5F-A811-B0C015A0A9E3}
	EndProjectSection
EndProject
Project("{8BC9CEB8-8B4A-11D0-8D11-00A0C91BC942}") = "cssimlog", "spliceForTool\cssimlog\cssimlog.vcxproj", "{3D982B25-3035-3A5F-A811-B0C015A0A9E3}"
	ProjectSection(ProjectDependencies) = postProject
		{11977FC8-6367-385D-A03E-7E830C995C34} = {11977FC8-6367-385D-A03E-7E830C995C34}
	EndProjectSection
EndProject
Project("{8BC9CEB8-8B4A-11D0-8D11-00A0C91BC942}") = "cssimlogTest", "spliceForTool\test\cssimlogTest\cssimlogTest.vcxproj", "{59F5A79F-C918-392B-B251-E56620A34FF5}"
	ProjectSection(ProjectDependencies) = postProject
		{11977FC8-6367-385D-A03E-7E830C995C34} = {11977FC8-6367-385D-A03E-7E830C995C34}
		{3D982B25-3035-3A5F-A811-B0C015A0A9E3} = {3D982B25-3035-3A5F-A811-B0C015A0A9E3}
	EndProjectSection
EndProject
Project("{8BC9CEB8-8B4A-11D0-8D11-00A0C91BC942}") = "simControl", "spliceForTool\simControl\simControl.vcxproj", "{5A23C6BC-B275-324B-9371-682C35ABAC74}"
	ProjectSection(ProjectDependencies) = postProject
		{11977FC8-6367-385D-A03E-7E830C995C34} = {11977FC8-6367-385D-A03E-7E830C995C34}
		{39659E20-8F3B-394C-B4A1-2D5121E4DEC5} = {39659E20-8F3B-394C-B4A1-2D5121E4DEC5}
		{AB1713FC-DC1E-34A9-8DE4-96E14E3347AD} = {AB1713FC-DC1E-34A9-8DE4-96E14E3347AD}
		{3D982B25-3035-3A5F-A811-B0C015A0A9E3} = {3D982B25-3035-3A5F-A811-B0C015A0A9E3}
	EndProjectSection
EndProject
Project("{8BC9CEB8-8B4A-11D0-8D11-00A0C91BC942}") = "spdlog_headers_for_ide", "spliceForTool\external\spdlog\spdlog_headers_for_ide.vcxproj", "{E77BA4AD-7FFC-3FCC-A185-1CF14FA2CC08}"
	ProjectSection(ProjectDependencies) = postProject
		{11977FC8-6367-385D-A03E-7E830C995C34} = {11977FC8-6367-385D-A03E-7E830C995C34}
	EndProjectSection
EndProject
Project("{8BC9CEB8-8B4A-11D0-8D11-00A0C91BC942}") = "spliceForTool", "spliceForTool\spliceForTool\spliceForTool.vcxproj", "{820897EF-F223-325C-B6D6-DCDFEC691316}"
	ProjectSection(ProjectDependencies) = postProject
		{11977FC8-6367-385D-A03E-7E830C995C34} = {11977FC8-6367-385D-A03E-7E830C995C34}
		{39659E20-8F3B-394C-B4A1-2D5121E4DEC5} = {39659E20-8F3B-394C-B4A1-2D5121E4DEC5}
		{AB1713FC-DC1E-34A9-8DE4-96E14E3347AD} = {AB1713FC-DC1E-34A9-8DE4-96E14E3347AD}
		{3D982B25-3035-3A5F-A811-B0C015A0A9E3} = {3D982B25-3035-3A5F-A811-B0C015A0A9E3}
	EndProjectSection
EndProject
Project("{8BC9CEB8-8B4A-11D0-8D11-00A0C91BC942}") = "toolTestA", "spliceForTool\test\toolTestA\toolTestA.vcxproj", "{578B8D72-68A7-31C7-8BBA-CBB037D7CBC2}"
	ProjectSection(ProjectDependencies) = postProject
		{11977FC8-6367-385D-A03E-7E830C995C34} = {11977FC8-6367-385D-A03E-7E830C995C34}
		{3D982B25-3035-3A5F-A811-B0C015A0A9E3} = {3D982B25-3035-3A5F-A811-B0C015A0A9E3}
	EndProjectSection
EndProject
Project("{8BC9CEB8-8B4A-11D0-8D11-00A0C91BC942}") = "toolTestB", "spliceForTool\test\toolTestB\toolTestB.vcxproj", "{35D7AE95-BC32-30CF-A82E-C0AD3C9B0098}"
	ProjectSection(ProjectDependencies) = postProject
		{11977FC8-6367-385D-A03E-7E830C995C34} = {11977FC8-6367-385D-A03E-7E830C995C34}
		{3D982B25-3035-3A5F-A811-B0C015A0A9E3} = {3D982B25-3035-3A5F-A811-B0C015A0A9E3}
	EndProjectSection
EndProject
Project("{8BC9CEB8-8B4A-11D0-8D11-00A0C91BC942}") = "toolTestC", "spliceForTool\test\toolTestC\toolTestC.vcxproj", "{EF223E26-4876-3FDA-AC22-637B37A306E8}"
	ProjectSection(ProjectDependencies) = postProject
		{11977FC8-6367-385D-A03E-7E830C995C34} = {11977FC8-6367-385D-A03E-7E830C995C34}
		{3D982B25-3035-3A5F-A811-B0C015A0A9E3} = {3D982B25-3035-3A5F-A811-B0C015A0A9E3}
	EndProjectSection
EndProject
Global
	GlobalSection(SolutionConfigurationPlatforms) = preSolution
		Debug|x64 = Debug|x64
		Release|x64 = Release|x64
		MinSizeRel|x64 = MinSizeRel|x64
		RelWithDebInfo|x64 = RelWithDebInfo|x64
	EndGlobalSection
	GlobalSection(ProjectConfigurationPlatforms) = postSolution
		{2B11369D-2670-324A-94AB-BF606F1528A2}.Debug|x64.ActiveCfg = Debug|x64
		{2B11369D-2670-324A-94AB-BF606F1528A2}.Debug|x64.Build.0 = Debug|x64
		{2B11369D-2670-324A-94AB-BF606F1528A2}.Release|x64.ActiveCfg = Release|x64
		{2B11369D-2670-324A-94AB-BF606F1528A2}.Release|x64.Build.0 = Release|x64
		{2B11369D-2670-324A-94AB-BF606F1528A2}.MinSizeRel|x64.ActiveCfg = MinSizeRel|x64
		{2B11369D-2670-324A-94AB-BF606F1528A2}.MinSizeRel|x64.Build.0 = MinSizeRel|x64
		{2B11369D-2670-324A-94AB-BF606F1528A2}.RelWithDebInfo|x64.ActiveCfg = RelWithDebInfo|x64
		{2B11369D-2670-324A-94AB-BF606F1528A2}.RelWithDebInfo|x64.Build.0 = RelWithDebInfo|x64
		{8E5EB78F-89A7-32D4-91C7-076EC4A420AD}.Debug|x64.ActiveCfg = Debug|x64
		{8E5EB78F-89A7-32D4-91C7-076EC4A420AD}.Release|x64.ActiveCfg = Release|x64
		{8E5EB78F-89A7-32D4-91C7-076EC4A420AD}.MinSizeRel|x64.ActiveCfg = MinSizeRel|x64
		{8E5EB78F-89A7-32D4-91C7-076EC4A420AD}.RelWithDebInfo|x64.ActiveCfg = RelWithDebInfo|x64
		{4D372179-0F55-3DC6-AD0C-C611B990C11E}.Debug|x64.ActiveCfg = Debug|x64
		{4D372179-0F55-3DC6-AD0C-C611B990C11E}.Release|x64.ActiveCfg = Release|x64
		{4D372179-0F55-3DC6-AD0C-C611B990C11E}.MinSizeRel|x64.ActiveCfg = MinSizeRel|x64
		{4D372179-0F55-3DC6-AD0C-C611B990C11E}.RelWithDebInfo|x64.ActiveCfg = RelWithDebInfo|x64
		{887A4B25-0F2B-3B4B-881F-D5B8D6EEC440}.Debug|x64.ActiveCfg = Debug|x64
		{887A4B25-0F2B-3B4B-881F-D5B8D6EEC440}.Release|x64.ActiveCfg = Release|x64
		{887A4B25-0F2B-3B4B-881F-D5B8D6EEC440}.MinSizeRel|x64.ActiveCfg = MinSizeRel|x64
		{887A4B25-0F2B-3B4B-881F-D5B8D6EEC440}.RelWithDebInfo|x64.ActiveCfg = RelWithDebInfo|x64
		{AD30EA58-01E4-342E-A7D9-6F07A7569615}.Debug|x64.ActiveCfg = Debug|x64
		{AD30EA58-01E4-342E-A7D9-6F07A7569615}.Release|x64.ActiveCfg = Release|x64
		{AD30EA58-01E4-342E-A7D9-6F07A7569615}.MinSizeRel|x64.ActiveCfg = MinSizeRel|x64
		{AD30EA58-01E4-342E-A7D9-6F07A7569615}.RelWithDebInfo|x64.ActiveCfg = RelWithDebInfo|x64
		{77300768-A4FA-37DA-A1E0-006414A97F0E}.Debug|x64.ActiveCfg = Debug|x64
		{77300768-A4FA-37DA-A1E0-006414A97F0E}.Release|x64.ActiveCfg = Release|x64
		{77300768-A4FA-37DA-A1E0-006414A97F0E}.MinSizeRel|x64.ActiveCfg = MinSizeRel|x64
		{77300768-A4FA-37DA-A1E0-006414A97F0E}.RelWithDebInfo|x64.ActiveCfg = RelWithDebInfo|x64
		{11977FC8-6367-385D-A03E-7E830C995C34}.Debug|x64.ActiveCfg = Debug|x64
		{11977FC8-6367-385D-A03E-7E830C995C34}.Debug|x64.Build.0 = Debug|x64
		{11977FC8-6367-385D-A03E-7E830C995C34}.Release|x64.ActiveCfg = Release|x64
		{11977FC8-6367-385D-A03E-7E830C995C34}.Release|x64.Build.0 = Release|x64
		{11977FC8-6367-385D-A03E-7E830C995C34}.MinSizeRel|x64.ActiveCfg = MinSizeRel|x64
		{11977FC8-6367-385D-A03E-7E830C995C34}.MinSizeRel|x64.Build.0 = MinSizeRel|x64
		{11977FC8-6367-385D-A03E-7E830C995C34}.RelWithDebInfo|x64.ActiveCfg = RelWithDebInfo|x64
		{11977FC8-6367-385D-A03E-7E830C995C34}.RelWithDebInfo|x64.Build.0 = RelWithDebInfo|x64
		{4EDFE457-86F5-3801-8D93-22E05B4978E2}.Debug|x64.ActiveCfg = Debug|x64
		{4EDFE457-86F5-3801-8D93-22E05B4978E2}.Debug|x64.Build.0 = Debug|x64
		{4EDFE457-86F5-3801-8D93-22E05B4978E2}.Release|x64.ActiveCfg = Release|x64
		{4EDFE457-86F5-3801-8D93-22E05B4978E2}.Release|x64.Build.0 = Release|x64
		{4EDFE457-86F5-3801-8D93-22E05B4978E2}.MinSizeRel|x64.ActiveCfg = MinSizeRel|x64
		{4EDFE457-86F5-3801-8D93-22E05B4978E2}.MinSizeRel|x64.Build.0 = MinSizeRel|x64
		{4EDFE457-86F5-3801-8D93-22E05B4978E2}.RelWithDebInfo|x64.ActiveCfg = RelWithDebInfo|x64
		{4EDFE457-86F5-3801-8D93-22E05B4978E2}.RelWithDebInfo|x64.Build.0 = RelWithDebInfo|x64
		{39659E20-8F3B-394C-B4A1-2D5121E4DEC5}.Debug|x64.ActiveCfg = Debug|x64
		{39659E20-8F3B-394C-B4A1-2D5121E4DEC5}.Debug|x64.Build.0 = Debug|x64
		{39659E20-8F3B-394C-B4A1-2D5121E4DEC5}.Release|x64.ActiveCfg = Release|x64
		{39659E20-8F3B-394C-B4A1-2D5121E4DEC5}.Release|x64.Build.0 = Release|x64
		{39659E20-8F3B-394C-B4A1-2D5121E4DEC5}.MinSizeRel|x64.ActiveCfg = MinSizeRel|x64
		{39659E20-8F3B-394C-B4A1-2D5121E4DEC5}.MinSizeRel|x64.Build.0 = MinSizeRel|x64
		{39659E20-8F3B-394C-B4A1-2D5121E4DEC5}.RelWithDebInfo|x64.ActiveCfg = RelWithDebInfo|x64
		{39659E20-8F3B-394C-B4A1-2D5121E4DEC5}.RelWithDebInfo|x64.Build.0 = RelWithDebInfo|x64
		{AB1713FC-DC1E-34A9-8DE4-96E14E3347AD}.Debug|x64.ActiveCfg = Debug|x64
		{AB1713FC-DC1E-34A9-8DE4-96E14E3347AD}.Debug|x64.Build.0 = Debug|x64
		{AB1713FC-DC1E-34A9-8DE4-96E14E3347AD}.Release|x64.ActiveCfg = Release|x64
		{AB1713FC-DC1E-34A9-8DE4-96E14E3347AD}.Release|x64.Build.0 = Release|x64
		{AB1713FC-DC1E-34A9-8DE4-96E14E3347AD}.MinSizeRel|x64.ActiveCfg = MinSizeRel|x64
		{AB1713FC-DC1E-34A9-8DE4-96E14E3347AD}.MinSizeRel|x64.Build.0 = MinSizeRel|x64
		{AB1713FC-DC1E-34A9-8DE4-96E14E3347AD}.RelWithDebInfo|x64.ActiveCfg = RelWithDebInfo|x64
		{AB1713FC-DC1E-34A9-8DE4-96E14E3347AD}.RelWithDebInfo|x64.Build.0 = RelWithDebInfo|x64
		{84E39F3B-3D60-3B43-9E94-BD165F4EB7BA}.Debug|x64.ActiveCfg = Debug|x64
		{84E39F3B-3D60-3B43-9E94-BD165F4EB7BA}.Debug|x64.Build.0 = Debug|x64
		{84E39F3B-3D60-3B43-9E94-BD165F4EB7BA}.Release|x64.ActiveCfg = Release|x64
		{84E39F3B-3D60-3B43-9E94-BD165F4EB7BA}.Release|x64.Build.0 = Release|x64
		{84E39F3B-3D60-3B43-9E94-BD165F4EB7BA}.MinSizeRel|x64.ActiveCfg = MinSizeRel|x64
		{84E39F3B-3D60-3B43-9E94-BD165F4EB7BA}.MinSizeRel|x64.Build.0 = MinSizeRel|x64
		{84E39F3B-3D60-3B43-9E94-BD165F4EB7BA}.RelWithDebInfo|x64.ActiveCfg = RelWithDebInfo|x64
		{84E39F3B-3D60-3B43-9E94-BD165F4EB7BA}.RelWithDebInfo|x64.Build.0 = RelWithDebInfo|x64
		{3D982B25-3035-3A5F-A811-B0C015A0A9E3}.Debug|x64.ActiveCfg = Debug|x64
		{3D982B25-3035-3A5F-A811-B0C015A0A9E3}.Debug|x64.Build.0 = Debug|x64
		{3D982B25-3035-3A5F-A811-B0C015A0A9E3}.Release|x64.ActiveCfg = Release|x64
		{3D982B25-3035-3A5F-A811-B0C015A0A9E3}.Release|x64.Build.0 = Release|x64
		{3D982B25-3035-3A5F-A811-B0C015A0A9E3}.MinSizeRel|x64.ActiveCfg = MinSizeRel|x64
		{3D982B25-3035-3A5F-A811-B0C015A0A9E3}.MinSizeRel|x64.Build.0 = MinSizeRel|x64
		{3D982B25-3035-3A5F-A811-B0C015A0A9E3}.RelWithDebInfo|x64.ActiveCfg = RelWithDebInfo|x64
		{3D982B25-3035-3A5F-A811-B0C015A0A9E3}.RelWithDebInfo|x64.Build.0 = RelWithDebInfo|x64
		{59F5A79F-C918-392B-B251-E56620A34FF5}.Debug|x64.ActiveCfg = Debug|x64
		{59F5A79F-C918-392B-B251-E56620A34FF5}.Debug|x64.Build.0 = Debug|x64
		{59F5A79F-C918-392B-B251-E56620A34FF5}.Release|x64.ActiveCfg = Release|x64
		{59F5A79F-C918-392B-B251-E56620A34FF5}.Release|x64.Build.0 = Release|x64
		{59F5A79F-C918-392B-B251-E56620A34FF5}.MinSizeRel|x64.ActiveCfg = MinSizeRel|x64
		{59F5A79F-C918-392B-B251-E56620A34FF5}.MinSizeRel|x64.Build.0 = MinSizeRel|x64
		{59F5A79F-C918-392B-B251-E56620A34FF5}.RelWithDebInfo|x64.ActiveCfg = RelWithDebInfo|x64
		{59F5A79F-C918-392B-B251-E56620A34FF5}.RelWithDebInfo|x64.Build.0 = RelWithDebInfo|x64
		{5A23C6BC-B275-324B-9371-682C35ABAC74}.Debug|x64.ActiveCfg = Debug|x64
		{5A23C6BC-B275-324B-9371-682C35ABAC74}.Debug|x64.Build.0 = Debug|x64
		{5A23C6BC-B275-324B-9371-682C35ABAC74}.Release|x64.ActiveCfg = Release|x64
		{5A23C6BC-B275-324B-9371-682C35ABAC74}.Release|x64.Build.0 = Release|x64
		{5A23C6BC-B275-324B-9371-682C35ABAC74}.MinSizeRel|x64.ActiveCfg = MinSizeRel|x64
		{5A23C6BC-B275-324B-9371-682C35ABAC74}.MinSizeRel|x64.Build.0 = MinSizeRel|x64
		{5A23C6BC-B275-324B-9371-682C35ABAC74}.RelWithDebInfo|x64.ActiveCfg = RelWithDebInfo|x64
		{5A23C6BC-B275-324B-9371-682C35ABAC74}.RelWithDebInfo|x64.Build.0 = RelWithDebInfo|x64
		{E77BA4AD-7FFC-3FCC-A185-1CF14FA2CC08}.Debug|x64.ActiveCfg = Debug|x64
		{E77BA4AD-7FFC-3FCC-A185-1CF14FA2CC08}.Release|x64.ActiveCfg = Release|x64
		{E77BA4AD-7FFC-3FCC-A185-1CF14FA2CC08}.MinSizeRel|x64.ActiveCfg = MinSizeRel|x64
		{E77BA4AD-7FFC-3FCC-A185-1CF14FA2CC08}.RelWithDebInfo|x64.ActiveCfg = RelWithDebInfo|x64
		{820897EF-F223-325C-B6D6-DCDFEC691316}.Debug|x64.ActiveCfg = Debug|x64
		{820897EF-F223-325C-B6D6-DCDFEC691316}.Debug|x64.Build.0 = Debug|x64
		{820897EF-F223-325C-B6D6-DCDFEC691316}.Release|x64.ActiveCfg = Release|x64
		{820897EF-F223-325C-B6D6-DCDFEC691316}.Release|x64.Build.0 = Release|x64
		{820897EF-F223-325C-B6D6-DCDFEC691316}.MinSizeRel|x64.ActiveCfg = MinSizeRel|x64
		{820897EF-F223-325C-B6D6-DCDFEC691316}.MinSizeRel|x64.Build.0 = MinSizeRel|x64
		{820897EF-F223-325C-B6D6-DCDFEC691316}.RelWithDebInfo|x64.ActiveCfg = RelWithDebInfo|x64
		{820897EF-F223-325C-B6D6-DCDFEC691316}.RelWithDebInfo|x64.Build.0 = RelWithDebInfo|x64
		{578B8D72-68A7-31C7-8BBA-CBB037D7CBC2}.Debug|x64.ActiveCfg = Debug|x64
		{578B8D72-68A7-31C7-8BBA-CBB037D7CBC2}.Debug|x64.Build.0 = Debug|x64
		{578B8D72-68A7-31C7-8BBA-CBB037D7CBC2}.Release|x64.ActiveCfg = Release|x64
		{578B8D72-68A7-31C7-8BBA-CBB037D7CBC2}.Release|x64.Build.0 = Release|x64
		{578B8D72-68A7-31C7-8BBA-CBB037D7CBC2}.MinSizeRel|x64.ActiveCfg = MinSizeRel|x64
		{578B8D72-68A7-31C7-8BBA-CBB037D7CBC2}.MinSizeRel|x64.Build.0 = MinSizeRel|x64
		{578B8D72-68A7-31C7-8BBA-CBB037D7CBC2}.RelWithDebInfo|x64.ActiveCfg = RelWithDebInfo|x64
		{578B8D72-68A7-31C7-8BBA-CBB037D7CBC2}.RelWithDebInfo|x64.Build.0 = RelWithDebInfo|x64
		{35D7AE95-BC32-30CF-A82E-C0AD3C9B0098}.Debug|x64.ActiveCfg = Debug|x64
		{35D7AE95-BC32-30CF-A82E-C0AD3C9B0098}.Debug|x64.Build.0 = Debug|x64
		{35D7AE95-BC32-30CF-A82E-C0AD3C9B0098}.Release|x64.ActiveCfg = Release|x64
		{35D7AE95-BC32-30CF-A82E-C0AD3C9B0098}.Release|x64.Build.0 = Release|x64
		{35D7AE95-BC32-30CF-A82E-C0AD3C9B0098}.MinSizeRel|x64.ActiveCfg = MinSizeRel|x64
		{35D7AE95-BC32-30CF-A82E-C0AD3C9B0098}.MinSizeRel|x64.Build.0 = MinSizeRel|x64
		{35D7AE95-BC32-30CF-A82E-C0AD3C9B0098}.RelWithDebInfo|x64.ActiveCfg = RelWithDebInfo|x64
		{35D7AE95-BC32-30CF-A82E-C0AD3C9B0098}.RelWithDebInfo|x64.Build.0 = RelWithDebInfo|x64
		{EF223E26-4876-3FDA-AC22-637B37A306E8}.Debug|x64.ActiveCfg = Debug|x64
		{EF223E26-4876-3FDA-AC22-637B37A306E8}.Debug|x64.Build.0 = Debug|x64
		{EF223E26-4876-3FDA-AC22-637B37A306E8}.Release|x64.ActiveCfg = Release|x64
		{EF223E26-4876-3FDA-AC22-637B37A306E8}.Release|x64.Build.0 = Release|x64
		{EF223E26-4876-3FDA-AC22-637B37A306E8}.MinSizeRel|x64.ActiveCfg = MinSizeRel|x64
		{EF223E26-4876-3FDA-AC22-637B37A306E8}.MinSizeRel|x64.Build.0 = MinSizeRel|x64
		{EF223E26-4876-3FDA-AC22-637B37A306E8}.RelWithDebInfo|x64.ActiveCfg = RelWithDebInfo|x64
		{EF223E26-4876-3FDA-AC22-637B37A306E8}.RelWithDebInfo|x64.Build.0 = RelWithDebInfo|x64
	EndGlobalSection
	GlobalSection(NestedProjects) = preSolution
		{2B11369D-2670-324A-94AB-BF606F1528A2} = {A37705F6-7E03-38D4-BB0D-2C924FB402ED}
		{887A4B25-0F2B-3B4B-881F-D5B8D6EEC440} = {A37705F6-7E03-38D4-BB0D-2C924FB402ED}
		{11977FC8-6367-385D-A03E-7E830C995C34} = {A37705F6-7E03-38D4-BB0D-2C924FB402ED}
		{8E5EB78F-89A7-32D4-91C7-076EC4A420AD} = {B8560632-3F07-32CA-B80C-36EF6A43F1D2}
		{4D372179-0F55-3DC6-AD0C-C611B990C11E} = {B8560632-3F07-32CA-B80C-36EF6A43F1D2}
		{AD30EA58-01E4-342E-A7D9-6F07A7569615} = {B8560632-3F07-32CA-B80C-36EF6A43F1D2}
		{77300768-A4FA-37DA-A1E0-006414A97F0E} = {B8560632-3F07-32CA-B80C-36EF6A43F1D2}
		{39659E20-8F3B-394C-B4A1-2D5121E4DEC5} = {79FA4B4F-48E5-307B-A72B-93A6E00874F0}
		{AB1713FC-DC1E-34A9-8DE4-96E14E3347AD} = {79FA4B4F-48E5-307B-A72B-93A6E00874F0}
		{4EDFE457-86F5-3801-8D93-22E05B4978E2} = {BCC06A08-DDDD-3C86-A78D-C591D1A46F98}
		{84E39F3B-3D60-3B43-9E94-BD165F4EB7BA} = {BCC06A08-DDDD-3C86-A78D-C591D1A46F98}
		{59F5A79F-C918-392B-B251-E56620A34FF5} = {BCC06A08-DDDD-3C86-A78D-C591D1A46F98}
		{578B8D72-68A7-31C7-8BBA-CBB037D7CBC2} = {BCC06A08-DDDD-3C86-A78D-C591D1A46F98}
		{35D7AE95-BC32-30CF-A82E-C0AD3C9B0098} = {BCC06A08-DDDD-3C86-A78D-C591D1A46F98}
		{EF223E26-4876-3FDA-AC22-637B37A306E8} = {BCC06A08-DDDD-3C86-A78D-C591D1A46F98}
	EndGlobalSection
	GlobalSection(ExtensibilityGlobals) = postSolution
		SolutionGuid = {0F60AD86-6034-38ED-BC0A-C55FB35AA9B2}
	EndGlobalSection
	GlobalSection(ExtensibilityAddIns) = postSolution
	EndGlobalSection
EndGlobal
